
Microsoft Visual Studio Solution File, Format Version 12.00
# Visual Studio Version 17
VisualStudioVersion = 17.0.32112.339
MinimumVisualStudioVersion = 10.0.40219.1
Project("{FAE04EC0-301F-11D3-BF4B-00C04F79EFBC}") = "GraphQLProject", "GraphQLProject\GraphQLProject.csproj", "{3286FE7C-5E8D-458C-A093-AA3ED73AA75F}"
EndProject
Global
	GlobalSection(SolutionConfigurationPlatforms) = preSolution
		Debug|Any CPU = Debug|Any CPU
		Release|Any CPU = Release|Any CPU
	EndGlobalSection
	GlobalSection(ProjectConfigurationPlatforms) = postSolution
		{3286FE7C-5E8D-458C-A093-AA3ED73AA75F}.Debug|Any CPU.ActiveCfg = Debug|Any CPU
		{3286FE7C-5E8D-458C-A093-AA3ED73AA75F}.Debug|Any CPU.Build.0 = Debug|Any CPU
		{3286FE7C-5E8D-458C-A093-AA3ED73AA75F}.Release|Any CPU.ActiveCfg = Release|Any CPU
		{3286FE7C-5E8D-458C-A093-AA3ED73AA75F}.Release|Any CPU.Build.0 = Release|Any CPU
	EndGlobalSection
	GlobalSection(SolutionProperties) = preSolution
		HideSolutionNode = FALSE
	EndGlobalSection
	GlobalSection(ExtensibilityGlobals) = postSolution
		SolutionGuid = {9339BA98-54ED-49DE-B5D3-5EF2BE79DCE7}
	EndGlobalSection
EndGlobal
